
Microsoft Visual Studio Solution File, Format Version 12.00
# Visual Studio Version 16
VisualStudioVersion = 16.0.30907.101
MinimumVisualStudioVersion = 10.0.40219.1
Project("{FAE04EC0-301F-11D3-BF4B-00C04F79EFBC}") = "ThreadingDemo1", "ThreadingDemo1\ThreadingDemo1.csproj", "{84E5523A-CDCB-45E9-BA3E-5CE9DFC75D4C}"
EndProject
Project("{9A19103F-16F7-4668-BE54-9A1E7A4F7556}") = "AsyncDemo1", "AsyncDemo1\AsyncDemo1.csproj", "{9F6FB747-70C7-4D88-B260-288A7E93357D}"
EndProject
Project("{FAE04EC0-301F-11D3-BF4B-00C04F79EFBC}") = "AsyncDemo3", "AsyncDemo3\AsyncDemo3.csproj", "{02434995-3B62-4AD3-88C0-A41B76814AF9}"
EndProject
Global
	GlobalSection(SolutionConfigurationPlatforms) = preSolution
		Debug|Any CPU = Debug|Any CPU
		Release|Any CPU = Release|Any CPU
	EndGlobalSection
	GlobalSection(ProjectConfigurationPlatforms) = postSolution
		{84E5523A-CDCB-45E9-BA3E-5CE9DFC75D4C}.Debug|Any CPU.ActiveCfg = Debug|Any CPU
		{84E5523A-CDCB-45E9-BA3E-5CE9DFC75D4C}.Debug|Any CPU.Build.0 = Debug|Any CPU
		{84E5523A-CDCB-45E9-BA3E-5CE9DFC75D4C}.Release|Any CPU.ActiveCfg = Release|Any CPU
		{84E5523A-CDCB-45E9-BA3E-5CE9DFC75D4C}.Release|Any CPU.Build.0 = Release|Any CPU
		{9F6FB747-70C7-4D88-B260-288A7E93357D}.Debug|Any CPU.ActiveCfg = Debug|Any CPU
		{9F6FB747-70C7-4D88-B260-288A7E93357D}.Debug|Any CPU.Build.0 = Debug|Any CPU
		{9F6FB747-70C7-4D88-B260-288A7E93357D}.Release|Any CPU.ActiveCfg = Release|Any CPU
		{9F6FB747-70C7-4D88-B260-288A7E93357D}.Release|Any CPU.Build.0 = Release|Any CPU
		{02434995-3B62-4AD3-88C0-A41B76814AF9}.Debug|Any CPU.ActiveCfg = Debug|Any CPU
		{02434995-3B62-4AD3-88C0-A41B76814AF9}.Debug|Any CPU.Build.0 = Debug|Any CPU
		{02434995-3B62-4AD3-88C0-A41B76814AF9}.Release|Any CPU.ActiveCfg = Release|Any CPU
		{02434995-3B62-4AD3-88C0-A41B76814AF9}.Release|Any CPU.Build.0 = Release|Any CPU
	EndGlobalSection
	GlobalSection(SolutionProperties) = preSolution
		HideSolutionNode = FALSE
	EndGlobalSection
	GlobalSection(ExtensibilityGlobals) = postSolution
		SolutionGuid = {EFAEAC10-5E97-45AF-8C37-D73EF0A16FE6}
	EndGlobalSection
EndGlobal
